
Microsoft Visual Studio Solution File, Format Version 12.00
# Visual Studio Version 17
VisualStudioVersion = 17.1.32328.378
MinimumVisualStudioVersion = 10.0.40219.1
Project("{8BC9CEB8-8B4A-11D0-8D11-00A0C91BC942}") = "Task2", "Task2.vcxproj", "{BFC481C2-BC4A-48D1-95AC-AF13D2B45BC8}"
EndProject
Global
	GlobalSection(SolutionConfigurationPlatforms) = preSolution
		Debug|x64 = Debug|x64
		Debug|x86 = Debug|x86
		Release|x64 = Release|x64
		Release|x86 = Release|x86
	EndGlobalSection
	GlobalSection(ProjectConfigurationPlatforms) = postSolution
		{BFC481C2-BC4A-48D1-95AC-AF13D2B45BC8}.Debug|x64.ActiveCfg = Debug|x64
		{BFC481C2-BC4A-48D1-95AC-AF13D2B45BC8}.Debug|x64.Build.0 = Debug|x64
		{BFC481C2-BC4A-48D1-95AC-AF13D2B45BC8}.Debug|x86.ActiveCfg = Debug|Win32
		{BFC481C2-BC4A-48D1-95AC-AF13D2B45BC8}.Debug|x86.Build.0 = Debug|Win32
		{BFC481C2-BC4A-48D1-95AC-AF13D2B45BC8}.Release|x64.ActiveCfg = Release|x64
		{BFC481C2-BC4A-48D1-95AC-AF13D2B45BC8}.Release|x64.Build.0 = Release|x64
		{BFC481C2-BC4A-48D1-95AC-AF13D2B45BC8}.Release|x86.ActiveCfg = Release|Win32
		{BFC481C2-BC4A-48D1-95AC-AF13D2B45BC8}.Release|x86.Build.0 = Release|Win32
	EndGlobalSection
	GlobalSection(SolutionProperties) = preSolution
		HideSolutionNode = FALSE
	EndGlobalSection
	GlobalSection(ExtensibilityGlobals) = postSolution
		SolutionGuid = {CF2432EF-F372-46BA-98A1-21AAD4DE7418}
	EndGlobalSection
EndGlobal
