
Microsoft Visual Studio Solution File, Format Version 12.00
# Visual Studio Version 17
VisualStudioVersion = 17.1.32328.378
MinimumVisualStudioVersion = 10.0.40219.1
Project("{8BC9CEB8-8B4A-11D0-8D11-00A0C91BC942}") = "Leaver", "Leaver\Leaver.vcxproj", "{8C4843A7-04D5-4392-9E87-3BD9639D1D91}"
EndProject
Project("{8BC9CEB8-8B4A-11D0-8D11-00A0C91BC942}") = "GoodbyeMan", "GoodbyeMan\GoodbyeMan.vcxproj", "{A5772613-C252-498F-B7D1-7AE818344DED}"
EndProject
Global
	GlobalSection(SolutionConfigurationPlatforms) = preSolution
		Debug|x64 = Debug|x64
		Debug|x86 = Debug|x86
		Release|x64 = Release|x64
		Release|x86 = Release|x86
	EndGlobalSection
	GlobalSection(ProjectConfigurationPlatforms) = postSolution
		{8C4843A7-04D5-4392-9E87-3BD9639D1D91}.Debug|x64.ActiveCfg = Debug|x64
		{8C4843A7-04D5-4392-9E87-3BD9639D1D91}.Debug|x64.Build.0 = Debug|x64
		{8C4843A7-04D5-4392-9E87-3BD9639D1D91}.Debug|x86.ActiveCfg = Debug|Win32
		{8C4843A7-04D5-4392-9E87-3BD9639D1D91}.Debug|x86.Build.0 = Debug|Win32
		{8C4843A7-04D5-4392-9E87-3BD9639D1D91}.Release|x64.ActiveCfg = Release|x64
		{8C4843A7-04D5-4392-9E87-3BD9639D1D91}.Release|x64.Build.0 = Release|x64
		{8C4843A7-04D5-4392-9E87-3BD9639D1D91}.Release|x86.ActiveCfg = Release|Win32
		{8C4843A7-04D5-4392-9E87-3BD9639D1D91}.Release|x86.Build.0 = Release|Win32
		{A5772613-C252-498F-B7D1-7AE818344DED}.Debug|x64.ActiveCfg = Debug|x64
		{A5772613-C252-498F-B7D1-7AE818344DED}.Debug|x64.Build.0 = Debug|x64
		{A5772613-C252-498F-B7D1-7AE818344DED}.Debug|x86.ActiveCfg = Debug|Win32
		{A5772613-C252-498F-B7D1-7AE818344DED}.Debug|x86.Build.0 = Debug|Win32
		{A5772613-C252-498F-B7D1-7AE818344DED}.Release|x64.ActiveCfg = Release|x64
		{A5772613-C252-498F-B7D1-7AE818344DED}.Release|x64.Build.0 = Release|x64
		{A5772613-C252-498F-B7D1-7AE818344DED}.Release|x86.ActiveCfg = Release|Win32
		{A5772613-C252-498F-B7D1-7AE818344DED}.Release|x86.Build.0 = Release|Win32
	EndGlobalSection
	GlobalSection(SolutionProperties) = preSolution
		HideSolutionNode = FALSE
	EndGlobalSection
	GlobalSection(ExtensibilityGlobals) = postSolution
		SolutionGuid = {BF9C97F2-C72C-484E-B466-2D8E0135E773}
	EndGlobalSection
EndGlobal
